# This file is automatically @generated by Cargo.
# It is not intended for manual editing.
version = 4

[[package]]
name = "addr2line"
version = "0.25.1"
source = "registry+https://github.com/rust-lang/crates.io-index"
checksum = "1b5d307320b3181d6d7954e663bd7c774a838b8220fe0593c86d9fb09f498b4b"
dependencies = [
 "gimli",
]

[[package]]
name = "adler2"
version = "2.0.1"
source = "registry+https://github.com/rust-lang/crates.io-index"
checksum = "320119579fcad9c21884f5c4861d16174d0e06250625266f50fe6898340abefa"

[[package]]
name = "aho-corasick"
version = "1.1.3"
source = "registry+https://github.com/rust-lang/crates.io-index"
checksum = "8e60d3430d3a69478ad0993f19238d2df97c507009a52b3c10addcd7f6bcb916"
dependencies = [
 "memchr",
]

[[package]]
name = "anstream"
version = "0.6.21"
source = "registry+https://github.com/rust-lang/crates.io-index"
checksum = "43d5b281e737544384e969a5ccad3f1cdd24b48086a0fc1b2a5262a26b8f4f4a"
dependencies = [
 "anstyle",
 "anstyle-parse",
 "anstyle-query",
 "anstyle-wincon",
 "colorchoice",
 "is_terminal_polyfill",
 "utf8parse",
]

[[package]]
name = "anstyle"
version = "1.0.13"
source = "registry+https://github.com/rust-lang/crates.io-index"
checksum = "5192cca8006f1fd4f7237516f40fa183bb07f8fbdfedaa0036de5ea9b0b45e78"

[[package]]
name = "anstyle-parse"
version = "0.2.7"
source = "registry+https://github.com/rust-lang/crates.io-index"
checksum = "4e7644824f0aa2c7b9384579234ef10eb7efb6a0deb83f9630a49594dd9c15c2"
dependencies = [
 "utf8parse",
]

[[package]]
name = "anstyle-query"
version = "1.1.4"
source = "registry+https://github.com/rust-lang/crates.io-index"
checksum = "9e231f6134f61b71076a3eab506c379d4f36122f2af15a9ff04415ea4c3339e2"
dependencies = [
 "windows-sys 0.60.2",
]

[[package]]
name = "anstyle-wincon"
version = "3.0.10"
source = "registry+https://github.com/rust-lang/crates.io-index"
checksum = "3e0633414522a32ffaac8ac6cc8f748e090c5717661fddeea04219e2344f5f2a"
dependencies = [
 "anstyle",
 "once_cell_polyfill",
 "windows-sys 0.60.2",
]

[[package]]
name = "async-broadcast"
version = "0.7.2"
source = "registry+https://github.com/rust-lang/crates.io-index"
checksum = "435a87a52755b8f27fcf321ac4f04b2802e337c8c4872923137471ec39c37532"
dependencies = [
 "event-listener",
 "event-listener-strategy",
 "futures-core",
 "pin-project-lite",
]

[[package]]
name = "async-channel"
version = "2.5.0"
source = "registry+https://github.com/rust-lang/crates.io-index"
checksum = "924ed96dd52d1b75e9c1a3e6275715fd320f5f9439fb5a4a11fa51f4221158d2"
dependencies = [
 "concurrent-queue",
 "event-listener-strategy",
 "futures-core",
 "pin-project-lite",
]

[[package]]
name = "async-executor"
version = "1.13.3"
source = "registry+https://github.com/rust-lang/crates.io-index"
checksum = "497c00e0fd83a72a79a39fcbd8e3e2f055d6f6c7e025f3b3d91f4f8e76527fb8"
dependencies = [
 "async-task",
 "concurrent-queue",
 "fastrand",
 "futures-lite",
 "pin-project-lite",
 "slab",
]

[[package]]
name = "async-io"
version = "2.6.0"
source = "registry+https://github.com/rust-lang/crates.io-index"
checksum = "456b8a8feb6f42d237746d4b3e9a178494627745c3c56c6ea55d92ba50d026fc"
dependencies = [
 "autocfg",
 "cfg-if",
 "concurrent-queue",
 "futures-io",
 "futures-lite",
 "parking",
 "polling",
 "rustix",
 "slab",
 "windows-sys 0.61.2",
]

[[package]]
name = "async-lock"
version = "3.4.1"
source = "registry+https://github.com/rust-lang/crates.io-index"
checksum = "5fd03604047cee9b6ce9de9f70c6cd540a0520c813cbd49bae61f33ab80ed1dc"
dependencies = [
 "event-listener",
 "event-listener-strategy",
 "pin-project-lite",
]

[[package]]
name = "async-process"
version = "2.5.0"
source = "registry+https://github.com/rust-lang/crates.io-index"
checksum = "fc50921ec0055cdd8a16de48773bfeec5c972598674347252c0399676be7da75"
dependencies = [
 "async-channel",
 "async-io",
 "async-lock",
 "async-signal",
 "async-task",
 "blocking",
 "cfg-if",
 "event-listener",
 "futures-lite",
 "rustix",
]

[[package]]
name = "async-recursion"
version = "1.1.1"
source = "registry+https://github.com/rust-lang/crates.io-index"
checksum = "3b43422f69d8ff38f95f1b2bb76517c91589a924d1559a0e935d7c8ce0274c11"
dependencies = [
 "proc-macro2",
 "quote",
 "syn",
]

[[package]]
name = "async-signal"
version = "0.2.13"
source = "registry+https://github.com/rust-lang/crates.io-index"
checksum = "43c070bbf59cd3570b6b2dd54cd772527c7c3620fce8be898406dd3ed6adc64c"
dependencies = [
 "async-io",
 "async-lock",
 "atomic-waker",
 "cfg-if",
 "futures-core",
 "futures-io",
 "rustix",
 "signal-hook-registry",
 "slab",
 "windows-sys 0.61.2",
]

[[package]]
name = "async-task"
version = "4.7.1"
source = "registry+https://github.com/rust-lang/crates.io-index"
checksum = "8b75356056920673b02621b35afd0f7dda9306d03c79a30f5c56c44cf256e3de"

[[package]]
name = "async-trait"
version = "0.1.89"
source = "registry+https://github.com/rust-lang/crates.io-index"
checksum = "9035ad2d096bed7955a320ee7e2230574d28fd3c3a0f186cbea1ff3c7eed5dbb"
dependencies = [
 "proc-macro2",
 "quote",
 "syn",
]

[[package]]
name = "atomic-waker"
version = "1.1.2"
source = "registry+https://github.com/rust-lang/crates.io-index"
checksum = "1505bd5d3d116872e7271a6d4e16d81d0c8570876c8de68093a09ac269d8aac0"

[[package]]
name = "autocfg"
version = "1.5.0"
source = "registry+https://github.com/rust-lang/crates.io-index"
checksum = "c08606f8c3cbf4ce6ec8e28fb0014a2c086708fe954eaa885384a6165172e7e8"

[[package]]
name = "backtrace"
version = "0.3.76"
source = "registry+https://github.com/rust-lang/crates.io-index"
checksum = "bb531853791a215d7c62a30daf0dde835f381ab5de4589cfe7c649d2cbe92bd6"
dependencies = [
 "addr2line",
 "cfg-if",
 "libc",
 "miniz_oxide",
 "object",
 "rustc-demangle",
 "windows-link",
]

[[package]]
name = "bitflags"
version = "2.9.4"
source = "registry+https://github.com/rust-lang/crates.io-index"
checksum = "2261d10cca569e4643e526d8dc2e62e433cc8aba21ab764233731f8d369bf394"

[[package]]
name = "blocking"
version = "1.6.2"
source = "registry+https://github.com/rust-lang/crates.io-index"
checksum = "e83f8d02be6967315521be875afa792a316e28d57b5a2d401897e2a7921b7f21"
dependencies = [
 "async-channel",
 "async-task",
 "futures-io",
 "futures-lite",
 "piper",
]

[[package]]
name = "cfg-if"
version = "1.0.3"
source = "registry+https://github.com/rust-lang/crates.io-index"
checksum = "2fd1289c04a9ea8cb22300a459a72a385d7c73d3259e2ed7dcb2af674838cfa9"

[[package]]
name = "cfg_aliases"
version = "0.2.1"
source = "registry+https://github.com/rust-lang/crates.io-index"
checksum = "613afe47fcd5fac7ccf1db93babcb082c5994d996f20b8b159f2ad1658eb5724"

[[package]]
name = "colorchoice"
version = "1.0.4"
source = "registry+https://github.com/rust-lang/crates.io-index"
checksum = "b05b61dc5112cbb17e4b6cd61790d9845d13888356391624cbe7e41efeac1e75"

[[package]]
name = "concurrent-queue"
version = "2.5.0"
source = "registry+https://github.com/rust-lang/crates.io-index"
checksum = "4ca0197aee26d1ae37445ee532fefce43251d24cc7c166799f4d46817f1d3973"
dependencies = [
 "crossbeam-utils",
]

[[package]]
name = "crossbeam-utils"
version = "0.8.21"
source = "registry+https://github.com/rust-lang/crates.io-index"
checksum = "d0a5c400df2834b80a4c3327b3aad3a4c4cd4de0629063962b03235697506a28"

[[package]]
name = "desktop-logic"
version = "0.1.0"
dependencies = [
 "env_logger",
 "log",
 "tokio",
 "zbus",
]

[[package]]
name = "endi"
version = "1.1.0"
source = "registry+https://github.com/rust-lang/crates.io-index"
checksum = "a3d8a32ae18130a3c84dd492d4215c3d913c3b07c6b63c2eb3eb7ff1101ab7bf"

[[package]]
name = "enumflags2"
version = "0.7.12"
source = "registry+https://github.com/rust-lang/crates.io-index"
checksum = "1027f7680c853e056ebcec683615fb6fbbc07dbaa13b4d5d9442b146ded4ecef"
dependencies = [
 "enumflags2_derive",
 "serde",
]

[[package]]
name = "enumflags2_derive"
version = "0.7.12"
source = "registry+https://github.com/rust-lang/crates.io-index"
checksum = "67c78a4d8fdf9953a5c9d458f9efe940fd97a0cab0941c075a813ac594733827"
dependencies = [
 "proc-macro2",
 "quote",
 "syn",
]

[[package]]
name = "env_filter"
version = "0.1.3"
source = "registry+https://github.com/rust-lang/crates.io-index"
checksum = "186e05a59d4c50738528153b83b0b0194d3a29507dfec16eccd4b342903397d0"
dependencies = [
 "log",
 "regex",
]

[[package]]
name = "env_logger"
version = "0.11.8"
source = "registry+https://github.com/rust-lang/crates.io-index"
checksum = "13c863f0904021b108aa8b2f55046443e6b1ebde8fd4a15c399893aae4fa069f"
dependencies = [
 "anstream",
 "anstyle",
 "env_filter",
 "jiff",
 "log",
]

[[package]]
name = "equivalent"
version = "1.0.2"
source = "registry+https://github.com/rust-lang/crates.io-index"
checksum = "877a4ace8713b0bcf2a4e7eec82529c029f1d0619886d18145fea96c3ffe5c0f"

[[package]]
name = "errno"
version = "0.3.14"
source = "registry+https://github.com/rust-lang/crates.io-index"
checksum = "39cab71617ae0d63f51a36d69f866391735b51691dbda63cf6f96d042b63efeb"
dependencies = [
 "libc",
 "windows-sys 0.61.2",
]

[[package]]
name = "event-listener"
version = "5.4.1"
source = "registry+https://github.com/rust-lang/crates.io-index"
checksum = "e13b66accf52311f30a0db42147dadea9850cb48cd070028831ae5f5d4b856ab"
dependencies = [
 "concurrent-queue",
 "parking",
 "pin-project-lite",
]

[[package]]
name = "event-listener-strategy"
version = "0.5.4"
source = "registry+https://github.com/rust-lang/crates.io-index"
checksum = "8be9f3dfaaffdae2972880079a491a1a8bb7cbed0b8dd7a347f668b4150a3b93"
dependencies = [
 "event-listener",
 "pin-project-lite",
]

[[package]]
name = "fastrand"
version = "2.3.0"
source = "registry+https://github.com/rust-lang/crates.io-index"
checksum = "37909eebbb50d72f9059c3b6d82c0463f2ff062c9e95845c43a6c9c0355411be"

[[package]]
name = "futures-core"
version = "0.3.31"
source = "registry+https://github.com/rust-lang/crates.io-index"
checksum = "05f29059c0c2090612e8d742178b0580d2dc940c837851ad723096f87af6663e"

[[package]]
name = "futures-io"
version = "0.3.31"
source = "registry+https://github.com/rust-lang/crates.io-index"
checksum = "9e5c1b78ca4aae1ac06c48a526a655760685149f0d465d21f37abfe57ce075c6"

[[package]]
name = "futures-lite"
version = "2.6.1"
source = "registry+https://github.com/rust-lang/crates.io-index"
checksum = "f78e10609fe0e0b3f4157ffab1876319b5b0db102a2c60dc4626306dc46b44ad"
dependencies = [
 "fastrand",
 "futures-core",
 "futures-io",
 "parking",
 "pin-project-lite",
]

[[package]]
name = "getrandom"
version = "0.3.3"
source = "registry+https://github.com/rust-lang/crates.io-index"
checksum = "26145e563e54f2cadc477553f1ec5ee650b00862f0a58bcd12cbdc5f0ea2d2f4"
dependencies = [
 "cfg-if",
 "libc",
 "r-efi",
 "wasi 0.14.7+wasi-0.2.4",
]

[[package]]
name = "gimli"
version = "0.32.3"
source = "registry+https://github.com/rust-lang/crates.io-index"
checksum = "e629b9b98ef3dd8afe6ca2bd0f89306cec16d43d907889945bc5d6687f2f13c7"

[[package]]
name = "hashbrown"
version = "0.16.0"
source = "registry+https://github.com/rust-lang/crates.io-index"
checksum = "5419bdc4f6a9207fbeba6d11b604d481addf78ecd10c11ad51e76c2f6482748d"

[[package]]
name = "hermit-abi"
version = "0.5.2"
source = "registry+https://github.com/rust-lang/crates.io-index"
checksum = "fc0fef456e4baa96da950455cd02c081ca953b141298e41db3fc7e36b1da849c"

[[package]]
name = "hex"
version = "0.4.3"
source = "registry+https://github.com/rust-lang/crates.io-index"
checksum = "7f24254aa9a54b5c858eaee2f5bccdb46aaf0e486a595ed5fd8f86ba55232a70"

[[package]]
name = "indexmap"
version = "2.11.4"
source = "registry+https://github.com/rust-lang/crates.io-index"
checksum = "4b0f83760fb341a774ed326568e19f5a863af4a952def8c39f9ab92fd95b88e5"
dependencies = [
 "equivalent",
 "hashbrown",
]

[[package]]
name = "io-uring"
version = "0.7.10"
source = "registry+https://github.com/rust-lang/crates.io-index"
checksum = "046fa2d4d00aea763528b4950358d0ead425372445dc8ff86312b3c69ff7727b"
dependencies = [
 "bitflags",
 "cfg-if",
 "libc",
]

[[package]]
name = "is_terminal_polyfill"
version = "1.70.1"
source = "registry+https://github.com/rust-lang/crates.io-index"
checksum = "7943c866cc5cd64cbc25b2e01621d07fa8eb2a1a23160ee81ce38704e97b8ecf"

[[package]]
name = "jiff"
version = "0.2.15"
source = "registry+https://github.com/rust-lang/crates.io-index"
checksum = "be1f93b8b1eb69c77f24bbb0afdf66f54b632ee39af40ca21c4365a1d7347e49"
dependencies = [
 "jiff-static",
 "log",
 "portable-atomic",
 "portable-atomic-util",
 "serde",
]

[[package]]
name = "jiff-static"
version = "0.2.15"
source = "registry+https://github.com/rust-lang/crates.io-index"
checksum = "03343451ff899767262ec32146f6d559dd759fdadf42ff0e227c7c48f72594b4"
dependencies = [
 "proc-macro2",
 "quote",
 "syn",
]

[[package]]
name = "libc"
version = "0.2.177"
source = "registry+https://github.com/rust-lang/crates.io-index"
checksum = "2874a2af47a2325c2001a6e6fad9b16a53b802102b528163885171cf92b15976"

[[package]]
name = "linux-raw-sys"
version = "0.11.0"
source = "registry+https://github.com/rust-lang/crates.io-index"
checksum = "df1d3c3b53da64cf5760482273a98e575c651a67eec7f77df96b5b642de8f039"

[[package]]
name = "log"
version = "0.4.28"
source = "registry+https://github.com/rust-lang/crates.io-index"
checksum = "34080505efa8e45a4b816c349525ebe327ceaa8559756f0356cba97ef3bf7432"

[[package]]
name = "memchr"
version = "2.7.6"
source = "registry+https://github.com/rust-lang/crates.io-index"
checksum = "f52b00d39961fc5b2736ea853c9cc86238e165017a493d1d5c8eac6bdc4cc273"

[[package]]
name = "memoffset"
version = "0.9.1"
source = "registry+https://github.com/rust-lang/crates.io-index"
checksum = "488016bfae457b036d996092f6cb448677611ce4449e970ceaf42695203f218a"
dependencies = [
 "autocfg",
]

[[package]]
name = "miniz_oxide"
version = "0.8.9"
source = "registry+https://github.com/rust-lang/crates.io-index"
checksum = "1fa76a2c86f704bdb222d66965fb3d63269ce38518b83cb0575fca855ebb6316"
dependencies = [
 "adler2",
]

[[package]]
name = "mio"
version = "1.0.4"
source = "registry+https://github.com/rust-lang/crates.io-index"
checksum = "78bed444cc8a2160f01cbcf811ef18cac863ad68ae8ca62092e8db51d51c761c"
dependencies = [
 "libc",
 "wasi 0.11.1+wasi-snapshot-preview1",
 "windows-sys 0.59.0",
]

[[package]]
name = "nix"
version = "0.30.1"
source = "registry+https://github.com/rust-lang/crates.io-index"
checksum = "74523f3a35e05aba87a1d978330aef40f67b0304ac79c1c00b294c9830543db6"
dependencies = [
 "bitflags",
 "cfg-if",
 "cfg_aliases",
 "libc",
 "memoffset",
]

[[package]]
name = "object"
version = "0.37.3"
source = "registry+https://github.com/rust-lang/crates.io-index"
checksum = "ff76201f031d8863c38aa7f905eca4f53abbfa15f609db4277d44cd8938f33fe"
dependencies = [
 "memchr",
]

[[package]]
name = "once_cell"
version = "1.21.3"
source = "registry+https://github.com/rust-lang/crates.io-index"
checksum = "42f5e15c9953c5e4ccceeb2e7382a716482c34515315f7b03532b8b4e8393d2d"

[[package]]
name = "once_cell_polyfill"
version = "1.70.1"
source = "registry+https://github.com/rust-lang/crates.io-index"
checksum = "a4895175b425cb1f87721b59f0f286c2092bd4af812243672510e1ac53e2e0ad"

[[package]]
name = "ordered-stream"
version = "0.2.0"
source = "registry+https://github.com/rust-lang/crates.io-index"
checksum = "9aa2b01e1d916879f73a53d01d1d6cee68adbb31d6d9177a8cfce093cced1d50"
dependencies = [
 "futures-core",
 "pin-project-lite",
]

[[package]]
name = "parking"
version = "2.2.1"
source = "registry+https://github.com/rust-lang/crates.io-index"
checksum = "f38d5652c16fde515bb1ecef450ab0f6a219d619a7274976324d5e377f7dceba"

[[package]]
name = "pin-project-lite"
version = "0.2.16"
source = "registry+https://github.com/rust-lang/crates.io-index"
checksum = "3b3cff922bd51709b605d9ead9aa71031d81447142d828eb4a6eba76fe619f9b"

[[package]]
name = "piper"
version = "0.2.4"
source = "registry+https://github.com/rust-lang/crates.io-index"
checksum = "96c8c490f422ef9a4efd2cb5b42b76c8613d7e7dfc1caf667b8a3350a5acc066"
dependencies = [
 "atomic-waker",
 "fastrand",
 "futures-io",
]

[[package]]
name = "polling"
version = "3.11.0"
source = "registry+https://github.com/rust-lang/crates.io-index"
checksum = "5d0e4f59085d47d8241c88ead0f274e8a0cb551f3625263c05eb8dd897c34218"
dependencies = [
 "cfg-if",
 "concurrent-queue",
 "hermit-abi",
 "pin-project-lite",
 "rustix",
 "windows-sys 0.61.2",
]

[[package]]
name = "portable-atomic"
version = "1.11.1"
source = "registry+https://github.com/rust-lang/crates.io-index"
checksum = "f84267b20a16ea918e43c6a88433c2d54fa145c92a811b5b047ccbe153674483"

[[package]]
name = "portable-atomic-util"
version = "0.2.4"
source = "registry+https://github.com/rust-lang/crates.io-index"
checksum = "d8a2f0d8d040d7848a709caf78912debcc3f33ee4b3cac47d73d1e1069e83507"
dependencies = [
 "portable-atomic",
]

[[package]]
name = "proc-macro-crate"
version = "3.4.0"
source = "registry+https://github.com/rust-lang/crates.io-index"
checksum = "219cb19e96be00ab2e37d6e299658a0cfa83e52429179969b0f0121b4ac46983"
dependencies = [
 "toml_edit",
]

[[package]]
name = "proc-macro2"
version = "1.0.101"
source = "registry+https://github.com/rust-lang/crates.io-index"
checksum = "89ae43fd86e4158d6db51ad8e2b80f313af9cc74f5c0e03ccb87de09998732de"
dependencies = [
 "unicode-ident",
]

[[package]]
name = "quote"
version = "1.0.41"
source = "registry+https://github.com/rust-lang/crates.io-index"
checksum = "ce25767e7b499d1b604768e7cde645d14cc8584231ea6b295e9c9eb22c02e1d1"
dependencies = [
 "proc-macro2",
]

[[package]]
name = "r-efi"
version = "5.3.0"
source = "registry+https://github.com/rust-lang/crates.io-index"
checksum = "69cdb34c158ceb288df11e18b4bd39de994f6657d83847bdffdbd7f346754b0f"

[[package]]
name = "regex"
version = "1.12.1"
source = "registry+https://github.com/rust-lang/crates.io-index"
checksum = "4a52d8d02cacdb176ef4678de6c052efb4b3da14b78e4db683a4252762be5433"
dependencies = [
 "aho-corasick",
 "memchr",
 "regex-automata",
 "regex-syntax",
]

[[package]]
name = "regex-automata"
version = "0.4.12"
source = "registry+https://github.com/rust-lang/crates.io-index"
checksum = "722166aa0d7438abbaa4d5cc2c649dac844e8c56d82fb3d33e9c34b5cd268fc6"
dependencies = [
 "aho-corasick",
 "memchr",
 "regex-syntax",
]

[[package]]
name = "regex-syntax"
version = "0.8.7"
source = "registry+https://github.com/rust-lang/crates.io-index"
checksum = "c3160422bbd54dd5ecfdca71e5fd59b7b8fe2b1697ab2baf64f6d05dcc66d298"

[[package]]
name = "rustc-demangle"
version = "0.1.26"
source = "registry+https://github.com/rust-lang/crates.io-index"
checksum = "56f7d92ca342cea22a06f2121d944b4fd82af56988c270852495420f961d4ace"

[[package]]
name = "rustix"
version = "1.1.2"
source = "registry+https://github.com/rust-lang/crates.io-index"
checksum = "cd15f8a2c5551a84d56efdc1cd049089e409ac19a3072d5037a17fd70719ff3e"
dependencies = [
 "bitflags",
 "errno",
 "libc",
 "linux-raw-sys",
 "windows-sys 0.61.2",
]

[[package]]
name = "serde"
version = "1.0.228"
source = "registry+https://github.com/rust-lang/crates.io-index"
checksum = "9a8e94ea7f378bd32cbbd37198a4a91436180c5bb472411e48b5ec2e2124ae9e"
dependencies = [
 "serde_core",
 "serde_derive",
]

[[package]]
name = "serde_core"
version = "1.0.228"
source = "registry+https://github.com/rust-lang/crates.io-index"
checksum = "41d385c7d4ca58e59fc732af25c3983b67ac852c1a25000afe1175de458b67ad"
dependencies = [
 "serde_derive",
]

[[package]]
name = "serde_derive"
version = "1.0.228"
source = "registry+https://github.com/rust-lang/crates.io-index"
checksum = "d540f220d3187173da220f885ab66608367b6574e925011a9353e4badda91d79"
dependencies = [
 "proc-macro2",
 "quote",
 "syn",
]

[[package]]
name = "serde_repr"
version = "0.1.20"
source = "registry+https://github.com/rust-lang/crates.io-index"
checksum = "175ee3e80ae9982737ca543e96133087cbd9a485eecc3bc4de9c1a37b47ea59c"
dependencies = [
 "proc-macro2",
 "quote",
 "syn",
]

[[package]]
name = "signal-hook-registry"
version = "1.4.6"
source = "registry+https://github.com/rust-lang/crates.io-index"
checksum = "b2a4719bff48cee6b39d12c020eeb490953ad2443b7055bd0b21fca26bd8c28b"
dependencies = [
 "libc",
]

[[package]]
name = "slab"
version = "0.4.11"
source = "registry+https://github.com/rust-lang/crates.io-index"
checksum = "7a2ae44ef20feb57a68b23d846850f861394c2e02dc425a50098ae8c90267589"

[[package]]
name = "static_assertions"
version = "1.1.0"
source = "registry+https://github.com/rust-lang/crates.io-index"
checksum = "a2eb9349b6444b326872e140eb1cf5e7c522154d69e7a0ffb0fb81c06b37543f"

[[package]]
name = "syn"
version = "2.0.106"
source = "registry+https://github.com/rust-lang/crates.io-index"
checksum = "ede7c438028d4436d71104916910f5bb611972c5cfd7f89b8300a8186e6fada6"
dependencies = [
 "proc-macro2",
 "quote",
 "unicode-ident",
]

[[package]]
name = "tempfile"
version = "3.23.0"
source = "registry+https://github.com/rust-lang/crates.io-index"
checksum = "2d31c77bdf42a745371d260a26ca7163f1e0924b64afa0b688e61b5a9fa02f16"
dependencies = [
 "fastrand",
 "getrandom",
 "once_cell",
 "rustix",
 "windows-sys 0.61.2",
]

[[package]]
name = "tokio"
version = "1.47.1"
source = "registry+https://github.com/rust-lang/crates.io-index"
checksum = "89e49afdadebb872d3145a5638b59eb0691ea23e46ca484037cfab3b76b95038"
dependencies = [
 "backtrace",
 "io-uring",
 "libc",
 "mio",
 "pin-project-lite",
 "slab",
 "tokio-macros",
]

[[package]]
name = "tokio-macros"
version = "2.5.0"
source = "registry+https://github.com/rust-lang/crates.io-index"
checksum = "6e06d43f1345a3bcd39f6a56dbb7dcab2ba47e68e8ac134855e7e2bdbaf8cab8"
dependencies = [
 "proc-macro2",
 "quote",
 "syn",
]

[[package]]
name = "toml_datetime"
version = "0.7.3"
source = "registry+https://github.com/rust-lang/crates.io-index"
checksum = "f2cdb639ebbc97961c51720f858597f7f24c4fc295327923af55b74c3c724533"
dependencies = [
 "serde_core",
]

[[package]]
name = "toml_edit"
version = "0.23.7"
source = "registry+https://github.com/rust-lang/crates.io-index"
checksum = "6485ef6d0d9b5d0ec17244ff7eb05310113c3f316f2d14200d4de56b3cb98f8d"
dependencies = [
 "indexmap",
 "toml_datetime",
 "toml_parser",
 "winnow",
]

[[package]]
name = "toml_parser"
version = "1.0.4"
source = "registry+https://github.com/rust-lang/crates.io-index"
checksum = "c0cbe268d35bdb4bb5a56a2de88d0ad0eb70af5384a99d648cd4b3d04039800e"
dependencies = [
 "winnow",
]

[[package]]
name = "tracing"
version = "0.1.41"
source = "registry+https://github.com/rust-lang/crates.io-index"
checksum = "784e0ac535deb450455cbfa28a6f0df145ea1bb7ae51b821cf5e7927fdcfbdd0"
dependencies = [
 "pin-project-lite",
 "tracing-attributes",
 "tracing-core",
]

[[package]]
name = "tracing-attributes"
version = "0.1.30"
source = "registry+https://github.com/rust-lang/crates.io-index"
checksum = "81383ab64e72a7a8b8e13130c49e3dab29def6d0c7d76a03087b3cf71c5c6903"
dependencies = [
 "proc-macro2",
 "quote",
 "syn",
]

[[package]]
name = "tracing-core"
version = "0.1.34"
source = "registry+https://github.com/rust-lang/crates.io-index"
checksum = "b9d12581f227e93f094d3af2ae690a574abb8a2b9b7a96e7cfe9647b2b617678"
dependencies = [
 "once_cell",
]

[[package]]
name = "uds_windows"
version = "1.1.0"
source = "registry+https://github.com/rust-lang/crates.io-index"
checksum = "89daebc3e6fd160ac4aa9fc8b3bf71e1f74fbf92367ae71fb83a037e8bf164b9"
dependencies = [
 "memoffset",
 "tempfile",
 "winapi",
]

[[package]]
name = "unicode-ident"
version = "1.0.19"
source = "registry+https://github.com/rust-lang/crates.io-index"
checksum = "f63a545481291138910575129486daeaf8ac54aee4387fe7906919f7830c7d9d"

[[package]]
name = "utf8parse"
version = "0.2.2"
source = "registry+https://github.com/rust-lang/crates.io-index"
checksum = "06abde3611657adf66d383f00b093d7faecc7fa57071cce2578660c9f1010821"

[[package]]
name = "wasi"
version = "0.11.1+wasi-snapshot-preview1"
source = "registry+https://github.com/rust-lang/crates.io-index"
checksum = "ccf3ec651a847eb01de73ccad15eb7d99f80485de043efb2f370cd654f4ea44b"

[[package]]
name = "wasi"
version = "0.14.7+wasi-0.2.4"
source = "registry+https://github.com/rust-lang/crates.io-index"
checksum = "883478de20367e224c0090af9cf5f9fa85bed63a95c1abf3afc5c083ebc06e8c"
dependencies = [
 "wasip2",
]

[[package]]
name = "wasip2"
version = "1.0.1+wasi-0.2.4"
source = "registry+https://github.com/rust-lang/crates.io-index"
checksum = "0562428422c63773dad2c345a1882263bbf4d65cf3f42e90921f787ef5ad58e7"
dependencies = [
 "wit-bindgen",
]

[[package]]
name = "winapi"
version = "0.3.9"
source = "registry+https://github.com/rust-lang/crates.io-index"
checksum = "5c839a674fcd7a98952e593242ea400abe93992746761e38641405d28b00f419"
dependencies = [
 "winapi-i686-pc-windows-gnu",
 "winapi-x86_64-pc-windows-gnu",
]

[[package]]
name = "winapi-i686-pc-windows-gnu"
version = "0.4.0"
source = "registry+https://github.com/rust-lang/crates.io-index"
checksum = "ac3b87c63620426dd9b991e5ce0329eff545bccbbb34f3be09ff6fb6ab51b7b6"

[[package]]
name = "winapi-x86_64-pc-windows-gnu"
version = "0.4.0"
source = "registry+https://github.com/rust-lang/crates.io-index"
checksum = "712e227841d057c1ee1cd2fb22fa7e5a5461ae8e48fa2ca79ec42cfc1931183f"

[[package]]
name = "windows-link"
version = "0.2.1"
source = "registry+https://github.com/rust-lang/crates.io-index"
checksum = "f0805222e57f7521d6a62e36fa9163bc891acd422f971defe97d64e70d0a4fe5"

[[package]]
name = "windows-sys"
version = "0.59.0"
source = "registry+https://github.com/rust-lang/crates.io-index"
checksum = "1e38bc4d79ed67fd075bcc251a1c39b32a1776bbe92e5bef1f0bf1f8c531853b"
dependencies = [
 "windows-targets 0.52.6",
]

[[package]]
name = "windows-sys"
version = "0.60.2"
source = "registry+https://github.com/rust-lang/crates.io-index"
checksum = "f2f500e4d28234f72040990ec9d39e3a6b950f9f22d3dba18416c35882612bcb"
dependencies = [
 "windows-targets 0.53.5",
]

[[package]]
name = "windows-sys"
version = "0.61.2"
source = "registry+https://github.com/rust-lang/crates.io-index"
checksum = "ae137229bcbd6cdf0f7b80a31df61766145077ddf49416a728b02cb3921ff3fc"
dependencies = [
 "windows-link",
]

[[package]]
name = "windows-targets"
version = "0.52.6"
source = "registry+https://github.com/rust-lang/crates.io-index"
checksum = "9b724f72796e036ab90c1021d4780d4d3d648aca59e491e6b98e725b84e99973"
dependencies = [
 "windows_aarch64_gnullvm 0.52.6",
 "windows_aarch64_msvc 0.52.6",
 "windows_i686_gnu 0.52.6",
 "windows_i686_gnullvm 0.52.6",
 "windows_i686_msvc 0.52.6",
 "windows_x86_64_gnu 0.52.6",
 "windows_x86_64_gnullvm 0.52.6",
 "windows_x86_64_msvc 0.52.6",
]

[[package]]
name = "windows-targets"
version = "0.53.5"
source = "registry+https://github.com/rust-lang/crates.io-index"
checksum = "4945f9f551b88e0d65f3db0bc25c33b8acea4d9e41163edf90dcd0b19f9069f3"
dependencies = [
 "windows-link",
 "windows_aarch64_gnullvm 0.53.1",
 "windows_aarch64_msvc 0.53.1",
 "windows_i686_gnu 0.53.1",
 "windows_i686_gnullvm 0.53.1",
 "windows_i686_msvc 0.53.1",
 "windows_x86_64_gnu 0.53.1",
 "windows_x86_64_gnullvm 0.53.1",
 "windows_x86_64_msvc 0.53.1",
]

[[package]]
name = "windows_aarch64_gnullvm"
version = "0.52.6"
source = "registry+https://github.com/rust-lang/crates.io-index"
checksum = "32a4622180e7a0ec044bb555404c800bc9fd9ec262ec147edd5989ccd0c02cd3"

[[package]]
name = "windows_aarch64_gnullvm"
version = "0.53.1"
source = "registry+https://github.com/rust-lang/crates.io-index"
checksum = "a9d8416fa8b42f5c947f8482c43e7d89e73a173cead56d044f6a56104a6d1b53"

[[package]]
name = "windows_aarch64_msvc"
version = "0.52.6"
source = "registry+https://github.com/rust-lang/crates.io-index"
checksum = "09ec2a7bb152e2252b53fa7803150007879548bc709c039df7627cabbd05d469"

[[package]]
name = "windows_aarch64_msvc"
version = "0.53.1"
source = "registry+https://github.com/rust-lang/crates.io-index"
checksum = "b9d782e804c2f632e395708e99a94275910eb9100b2114651e04744e9b125006"

[[package]]
name = "windows_i686_gnu"
version = "0.52.6"
source = "registry+https://github.com/rust-lang/crates.io-index"
checksum = "8e9b5ad5ab802e97eb8e295ac6720e509ee4c243f69d781394014ebfe8bbfa0b"

[[package]]
name = "windows_i686_gnu"
version = "0.53.1"
source = "registry+https://github.com/rust-lang/crates.io-index"
checksum = "960e6da069d81e09becb0ca57a65220ddff016ff2d6af6a223cf372a506593a3"

[[package]]
name = "windows_i686_gnullvm"
version = "0.52.6"
source = "registry+https://github.com/rust-lang/crates.io-index"
checksum = "0eee52d38c090b3caa76c563b86c3a4bd71ef1a819287c19d586d7334ae8ed66"

[[package]]
name = "windows_i686_gnullvm"
version = "0.53.1"
source = "registry+https://github.com/rust-lang/crates.io-index"
checksum = "fa7359d10048f68ab8b09fa71c3daccfb0e9b559aed648a8f95469c27057180c"

[[package]]
name = "windows_i686_msvc"
version = "0.52.6"
source = "registry+https://github.com/rust-lang/crates.io-index"
checksum = "240948bc05c5e7c6dabba28bf89d89ffce3e303022809e73deaefe4f6ec56c66"

[[package]]
name = "windows_i686_msvc"
version = "0.53.1"
source = "registry+https://github.com/rust-lang/crates.io-index"
checksum = "1e7ac75179f18232fe9c285163565a57ef8d3c89254a30685b57d83a38d326c2"

[[package]]
name = "windows_x86_64_gnu"
version = "0.52.6"
source = "registry+https://github.com/rust-lang/crates.io-index"
checksum = "147a5c80aabfbf0c7d901cb5895d1de30ef2907eb21fbbab29ca94c5b08b1a78"

[[package]]
name = "windows_x86_64_gnu"
version = "0.53.1"
source = "registry+https://github.com/rust-lang/crates.io-index"
checksum = "9c3842cdd74a865a8066ab39c8a7a473c0778a3f29370b5fd6b4b9aa7df4a499"

[[package]]
name = "windows_x86_64_gnullvm"
version = "0.52.6"
source = "registry+https://github.com/rust-lang/crates.io-index"
checksum = "24d5b23dc417412679681396f2b49f3de8c1473deb516bd34410872eff51ed0d"

[[package]]
name = "windows_x86_64_gnullvm"
version = "0.53.1"
source = "registry+https://github.com/rust-lang/crates.io-index"
checksum = "0ffa179e2d07eee8ad8f57493436566c7cc30ac536a3379fdf008f47f6bb7ae1"

[[package]]
name = "windows_x86_64_msvc"
version = "0.52.6"
source = "registry+https://github.com/rust-lang/crates.io-index"
checksum = "589f6da84c646204747d1270a2a5661ea66ed1cced2631d546fdfb155959f9ec"

[[package]]
name = "windows_x86_64_msvc"
version = "0.53.1"
source = "registry+https://github.com/rust-lang/crates.io-index"
checksum = "d6bbff5f0aada427a1e5a6da5f1f98158182f26556f345ac9e04d36d0ebed650"

[[package]]
name = "winnow"
version = "0.7.13"
source = "registry+https://github.com/rust-lang/crates.io-index"
checksum = "21a0236b59786fed61e2a80582dd500fe61f18b5dca67a4a067d0bc9039339cf"
dependencies = [
 "memchr",
]

[[package]]
name = "wit-bindgen"
version = "0.46.0"
source = "registry+https://github.com/rust-lang/crates.io-index"
checksum = "f17a85883d4e6d00e8a97c586de764dabcc06133f7f1d55dce5cdc070ad7fe59"

[[package]]
name = "zbus"
version = "5.11.0"
source = "registry+https://github.com/rust-lang/crates.io-index"
checksum = "2d07e46d035fb8e375b2ce63ba4e4ff90a7f73cf2ffb0138b29e1158d2eaadf7"
dependencies = [
 "async-broadcast",
 "async-executor",
 "async-io",
 "async-lock",
 "async-process",
 "async-recursion",
 "async-task",
 "async-trait",
 "blocking",
 "enumflags2",
 "event-listener",
 "futures-core",
 "futures-lite",
 "hex",
 "nix",
 "ordered-stream",
 "serde",
 "serde_repr",
 "tracing",
 "uds_windows",
 "windows-sys 0.60.2",
 "winnow",
 "zbus_macros",
 "zbus_names",
 "zvariant",
]

[[package]]
name = "zbus_macros"
version = "5.11.0"
source = "registry+https://github.com/rust-lang/crates.io-index"
checksum = "57e797a9c847ed3ccc5b6254e8bcce056494b375b511b3d6edcec0aeb4defaca"
dependencies = [
 "proc-macro-crate",
 "proc-macro2",
 "quote",
 "syn",
 "zbus_names",
 "zvariant",
 "zvariant_utils",
]

[[package]]
name = "zbus_names"
version = "4.2.0"
source = "registry+https://github.com/rust-lang/crates.io-index"
checksum = "7be68e64bf6ce8db94f63e72f0c7eb9a60d733f7e0499e628dfab0f84d6bcb97"
dependencies = [
 "serde",
 "static_assertions",
 "winnow",
 "zvariant",
]

[[package]]
name = "zvariant"
version = "5.7.0"
source = "registry+https://github.com/rust-lang/crates.io-index"
checksum = "999dd3be73c52b1fccd109a4a81e4fcd20fab1d3599c8121b38d04e1419498db"
dependencies = [
 "endi",
 "enumflags2",
 "serde",
 "winnow",
 "zvariant_derive",
 "zvariant_utils",
]

[[package]]
name = "zvariant_derive"
version = "5.7.0"
source = "registry+https://github.com/rust-lang/crates.io-index"
checksum = "6643fd0b26a46d226bd90d3f07c1b5321fe9bb7f04673cb37ac6d6883885b68e"
dependencies = [
 "proc-macro-crate",
 "proc-macro2",
 "quote",
 "syn",
 "zvariant_utils",
]

[[package]]
name = "zvariant_utils"
version = "3.2.1"
source = "registry+https://github.com/rust-lang/crates.io-index"
checksum = "c6949d142f89f6916deca2232cf26a8afacf2b9fdc35ce766105e104478be599"
dependencies = [
 "proc-macro2",
 "quote",
 "serde",
 "syn",
 "winnow",
]
